
Microsoft Visual Studio Solution File, Format Version 12.00
# Visual Studio 15
VisualStudioVersion = 15.0.26730.16
MinimumVisualStudioVersion = 10.0.40219.1
Project("{FAE04EC0-301F-11D3-BF4B-00C04F79EFBC}") = "TPLPatterns", "TPLPatterns\TPLPatterns.csproj", "{66669B7D-4B97-421E-AF1B-6E30E9EF1259}"
EndProject
Project("{FAE04EC0-301F-11D3-BF4B-00C04F79EFBC}") = "TPLPatternsUnitTests", "TPLPatternsUnitTests\TPLPatternsUnitTests.csproj", "{83E25830-CF16-428E-90D5-ECCA7C286FC2}"
EndProject
Global
	GlobalSection(SolutionConfigurationPlatforms) = preSolution
		Debug|Any CPU = Debug|Any CPU
		Release|Any CPU = Release|Any CPU
	EndGlobalSection
	GlobalSection(ProjectConfigurationPlatforms) = postSolution
		{66669B7D-4B97-421E-AF1B-6E30E9EF1259}.Debug|Any CPU.ActiveCfg = Debug|Any CPU
		{66669B7D-4B97-421E-AF1B-6E30E9EF1259}.Debug|Any CPU.Build.0 = Debug|Any CPU
		{66669B7D-4B97-421E-AF1B-6E30E9EF1259}.Release|Any CPU.ActiveCfg = Release|Any CPU
		{66669B7D-4B97-421E-AF1B-6E30E9EF1259}.Release|Any CPU.Build.0 = Release|Any CPU
		{83E25830-CF16-428E-90D5-ECCA7C286FC2}.Debug|Any CPU.ActiveCfg = Debug|Any CPU
		{83E25830-CF16-428E-90D5-ECCA7C286FC2}.Debug|Any CPU.Build.0 = Debug|Any CPU
		{83E25830-CF16-428E-90D5-ECCA7C286FC2}.Release|Any CPU.ActiveCfg = Release|Any CPU
		{83E25830-CF16-428E-90D5-ECCA7C286FC2}.Release|Any CPU.Build.0 = Release|Any CPU
	EndGlobalSection
	GlobalSection(SolutionProperties) = preSolution
		HideSolutionNode = FALSE
	EndGlobalSection
	GlobalSection(ExtensibilityGlobals) = postSolution
		SolutionGuid = {1B5E5E5F-5DD9-4562-B2A7-F4673A3BC0D4}
	EndGlobalSection
EndGlobal
